
Microsoft Visual Studio Solution File, Format Version 12.00
# Visual Studio Version 17
VisualStudioVersion = 17.1.32328.378
MinimumVisualStudioVersion = 10.0.40219.1
Project("{FAE04EC0-301F-11D3-BF4B-00C04F79EFBC}") = "ApartmentRental.API", "ApartmentRental.API\ApartmentRental.API.csproj", "{6FB2F1FE-92E2-4B15-AE8A-F3BEE4D6BEFD}"
EndProject
Project("{FAE04EC0-301F-11D3-BF4B-00C04F79EFBC}") = "ApartmentRental.Core", "ApartmentRental.Core\ApartmentRental.Core.csproj", "{F4CF0B9A-B1C3-488A-90A4-CD27A79E9EF8}"
EndProject
Project("{FAE04EC0-301F-11D3-BF4B-00C04F79EFBC}") = "ApartmentRental.Infrastructure", "ApartmentRental.Infrastructure\ApartmentRental.Infrastructure.csproj", "{C078BFCB-2D72-4E82-B41D-FA56BDA2F168}"
EndProject
Project("{FAE04EC0-301F-11D3-BF4B-00C04F79EFBC}") = "ApartmentRental.Tests", "ApartmentRental.Tests\ApartmentRental.Tests.csproj", "{7E87DA6A-405E-405F-8714-DA6B85CB93FD}"
EndProject
Global
	GlobalSection(SolutionConfigurationPlatforms) = preSolution
		Debug|Any CPU = Debug|Any CPU
		Release|Any CPU = Release|Any CPU
	EndGlobalSection
	GlobalSection(ProjectConfigurationPlatforms) = postSolution
		{6FB2F1FE-92E2-4B15-AE8A-F3BEE4D6BEFD}.Debug|Any CPU.ActiveCfg = Debug|Any CPU
		{6FB2F1FE-92E2-4B15-AE8A-F3BEE4D6BEFD}.Debug|Any CPU.Build.0 = Debug|Any CPU
		{6FB2F1FE-92E2-4B15-AE8A-F3BEE4D6BEFD}.Release|Any CPU.ActiveCfg = Release|Any CPU
		{6FB2F1FE-92E2-4B15-AE8A-F3BEE4D6BEFD}.Release|Any CPU.Build.0 = Release|Any CPU
		{F4CF0B9A-B1C3-488A-90A4-CD27A79E9EF8}.Debug|Any CPU.ActiveCfg = Debug|Any CPU
		{F4CF0B9A-B1C3-488A-90A4-CD27A79E9EF8}.Debug|Any CPU.Build.0 = Debug|Any CPU
		{F4CF0B9A-B1C3-488A-90A4-CD27A79E9EF8}.Release|Any CPU.ActiveCfg = Release|Any CPU
		{F4CF0B9A-B1C3-488A-90A4-CD27A79E9EF8}.Release|Any CPU.Build.0 = Release|Any CPU
		{C078BFCB-2D72-4E82-B41D-FA56BDA2F168}.Debug|Any CPU.ActiveCfg = Debug|Any CPU
		{C078BFCB-2D72-4E82-B41D-FA56BDA2F168}.Debug|Any CPU.Build.0 = Debug|Any CPU
		{C078BFCB-2D72-4E82-B41D-FA56BDA2F168}.Release|Any CPU.ActiveCfg = Release|Any CPU
		{C078BFCB-2D72-4E82-B41D-FA56BDA2F168}.Release|Any CPU.Build.0 = Release|Any CPU
		{7E87DA6A-405E-405F-8714-DA6B85CB93FD}.Debug|Any CPU.ActiveCfg = Debug|Any CPU
		{7E87DA6A-405E-405F-8714-DA6B85CB93FD}.Debug|Any CPU.Build.0 = Debug|Any CPU
		{7E87DA6A-405E-405F-8714-DA6B85CB93FD}.Release|Any CPU.ActiveCfg = Release|Any CPU
		{7E87DA6A-405E-405F-8714-DA6B85CB93FD}.Release|Any CPU.Build.0 = Release|Any CPU
	EndGlobalSection
	GlobalSection(SolutionProperties) = preSolution
		HideSolutionNode = FALSE
	EndGlobalSection
	GlobalSection(ExtensibilityGlobals) = postSolution
		SolutionGuid = {D5F04188-13DC-4EE3-9502-1FC8E97D984E}
	EndGlobalSection
EndGlobal
